
Microsoft Visual Studio Solution File, Format Version 12.00
# Visual Studio 15
VisualStudioVersion = 15.0.28010.2050
MinimumVisualStudioVersion = 10.0.40219.1
Project("{FAE04EC0-301F-11D3-BF4B-00C04F79EFBC}") = "ThreadSynchronization", "ThreadSynchronization\ThreadSynchronization.csproj", "{D1B44D0E-D17B-4BD3-97D4-77AE21C62526}"
EndProject
Project("{FAE04EC0-301F-11D3-BF4B-00C04F79EFBC}") = "InterlockStructure", "InterlockStructure\InterlockStructure.csproj", "{556C5F2C-EC5C-46FD-AF2A-8A159F8691E0}"
EndProject
Project("{2150E333-8FDC-42A3-9474-1A3956D46DE8}") = "Interlock", "Interlock", "{00BD01C4-85FE-4F95-9F84-137719679C0F}"
EndProject
Global
	GlobalSection(SolutionConfigurationPlatforms) = preSolution
		Debug|Any CPU = Debug|Any CPU
		Release|Any CPU = Release|Any CPU
	EndGlobalSection
	GlobalSection(ProjectConfigurationPlatforms) = postSolution
		{D1B44D0E-D17B-4BD3-97D4-77AE21C62526}.Debug|Any CPU.ActiveCfg = Debug|Any CPU
		{D1B44D0E-D17B-4BD3-97D4-77AE21C62526}.Debug|Any CPU.Build.0 = Debug|Any CPU
		{D1B44D0E-D17B-4BD3-97D4-77AE21C62526}.Release|Any CPU.ActiveCfg = Release|Any CPU
		{D1B44D0E-D17B-4BD3-97D4-77AE21C62526}.Release|Any CPU.Build.0 = Release|Any CPU
		{556C5F2C-EC5C-46FD-AF2A-8A159F8691E0}.Debug|Any CPU.ActiveCfg = Debug|Any CPU
		{556C5F2C-EC5C-46FD-AF2A-8A159F8691E0}.Debug|Any CPU.Build.0 = Debug|Any CPU
		{556C5F2C-EC5C-46FD-AF2A-8A159F8691E0}.Release|Any CPU.ActiveCfg = Release|Any CPU
		{556C5F2C-EC5C-46FD-AF2A-8A159F8691E0}.Release|Any CPU.Build.0 = Release|Any CPU
	EndGlobalSection
	GlobalSection(SolutionProperties) = preSolution
		HideSolutionNode = FALSE
	EndGlobalSection
	GlobalSection(NestedProjects) = preSolution
		{556C5F2C-EC5C-46FD-AF2A-8A159F8691E0} = {00BD01C4-85FE-4F95-9F84-137719679C0F}
	EndGlobalSection
	GlobalSection(ExtensibilityGlobals) = postSolution
		SolutionGuid = {79FA4EE8-8D0E-499E-9F79-62EBD8FD9B43}
	EndGlobalSection
EndGlobal
