
Microsoft Visual Studio Solution File, Format Version 12.00
# Visual Studio 15
VisualStudioVersion = 15.0.28010.2050
MinimumVisualStudioVersion = 10.0.40219.1
Project("{FAE04EC0-301F-11D3-BF4B-00C04F79EFBC}") = "ThreadSynchronization", "ThreadSynchronization\ThreadSynchronization.csproj", "{D1B44D0E-D17B-4BD3-97D4-77AE21C62526}"
EndProject
Project("{FAE04EC0-301F-11D3-BF4B-00C04F79EFBC}") = "InterlockStructure", "InterlockStructure\InterlockStructure.csproj", "{556C5F2C-EC5C-46FD-AF2A-8A159F8691E0}"
EndProject
Project("{2150E333-8FDC-42A3-9474-1A3956D46DE8}") = "基元用户模式Interlock", "基元用户模式Interlock", "{00BD01C4-85FE-4F95-9F84-137719679C0F}"
	ProjectSection(SolutionItems) = preProject
		基元用户模式.txt = 基元用户模式.txt
	EndProjectSection
EndProject
Project("{FAE04EC0-301F-11D3-BF4B-00C04F79EFBC}") = "SimpleSpinLock", "SimpleSpinLock\SimpleSpinLock.csproj", "{60E1AE0B-3CED-4025-9455-94AA744F0A13}"
EndProject
Project("{FAE04EC0-301F-11D3-BF4B-00C04F79EFBC}") = "InterLockedAnything", "InterLockedAnything\InterLockedAnything.csproj", "{40BB7048-8465-4ADE-AFCA-1B6637CE9132}"
EndProject
Project("{FAE04EC0-301F-11D3-BF4B-00C04F79EFBC}") = "EventWaitHandle", "EventWaitHandle\EventWaitHandle.csproj", "{AFAB6ABD-BB8C-4CB7-B6DB-AA54A93EB10A}"
EndProject
Project("{FAE04EC0-301F-11D3-BF4B-00C04F79EFBC}") = "Semaphore", "Semaphore\Semaphore.csproj", "{97422E5A-85AE-46BC-83B7-4EC78377B6D7}"
EndProject
Project("{FAE04EC0-301F-11D3-BF4B-00C04F79EFBC}") = "Mutex", "Mutex\Mutex.csproj", "{A8852514-E186-4962-BF11-4925CA8FB454}"
EndProject
Project("{2150E333-8FDC-42A3-9474-1A3956D46DE8}") = "混合线程同步构造", "混合线程同步构造", "{533B5B3A-37B0-4AED-ACF0-DEF8560BA5B6}"
EndProject
Project("{2150E333-8FDC-42A3-9474-1A3956D46DE8}") = "基元内核模式", "基元内核模式", "{1056A548-A25D-4530-9CF2-A437EE3F1D5E}"
EndProject
Project("{FAE04EC0-301F-11D3-BF4B-00C04F79EFBC}") = "SimpleHybridLock", "SimpleHybridLock\SimpleHybridLock.csproj", "{6C088BD2-4320-4F8A-9443-AD54DBEB4687}"
EndProject
Global
	GlobalSection(SolutionConfigurationPlatforms) = preSolution
		Debug|Any CPU = Debug|Any CPU
		Release|Any CPU = Release|Any CPU
	EndGlobalSection
	GlobalSection(ProjectConfigurationPlatforms) = postSolution
		{D1B44D0E-D17B-4BD3-97D4-77AE21C62526}.Debug|Any CPU.ActiveCfg = Debug|Any CPU
		{D1B44D0E-D17B-4BD3-97D4-77AE21C62526}.Debug|Any CPU.Build.0 = Debug|Any CPU
		{D1B44D0E-D17B-4BD3-97D4-77AE21C62526}.Release|Any CPU.ActiveCfg = Release|Any CPU
		{D1B44D0E-D17B-4BD3-97D4-77AE21C62526}.Release|Any CPU.Build.0 = Release|Any CPU
		{556C5F2C-EC5C-46FD-AF2A-8A159F8691E0}.Debug|Any CPU.ActiveCfg = Debug|Any CPU
		{556C5F2C-EC5C-46FD-AF2A-8A159F8691E0}.Debug|Any CPU.Build.0 = Debug|Any CPU
		{556C5F2C-EC5C-46FD-AF2A-8A159F8691E0}.Release|Any CPU.ActiveCfg = Release|Any CPU
		{556C5F2C-EC5C-46FD-AF2A-8A159F8691E0}.Release|Any CPU.Build.0 = Release|Any CPU
		{60E1AE0B-3CED-4025-9455-94AA744F0A13}.Debug|Any CPU.ActiveCfg = Debug|Any CPU
		{60E1AE0B-3CED-4025-9455-94AA744F0A13}.Debug|Any CPU.Build.0 = Debug|Any CPU
		{60E1AE0B-3CED-4025-9455-94AA744F0A13}.Release|Any CPU.ActiveCfg = Release|Any CPU
		{60E1AE0B-3CED-4025-9455-94AA744F0A13}.Release|Any CPU.Build.0 = Release|Any CPU
		{40BB7048-8465-4ADE-AFCA-1B6637CE9132}.Debug|Any CPU.ActiveCfg = Debug|Any CPU
		{40BB7048-8465-4ADE-AFCA-1B6637CE9132}.Debug|Any CPU.Build.0 = Debug|Any CPU
		{40BB7048-8465-4ADE-AFCA-1B6637CE9132}.Release|Any CPU.ActiveCfg = Release|Any CPU
		{40BB7048-8465-4ADE-AFCA-1B6637CE9132}.Release|Any CPU.Build.0 = Release|Any CPU
		{AFAB6ABD-BB8C-4CB7-B6DB-AA54A93EB10A}.Debug|Any CPU.ActiveCfg = Debug|Any CPU
		{AFAB6ABD-BB8C-4CB7-B6DB-AA54A93EB10A}.Debug|Any CPU.Build.0 = Debug|Any CPU
		{AFAB6ABD-BB8C-4CB7-B6DB-AA54A93EB10A}.Release|Any CPU.ActiveCfg = Release|Any CPU
		{AFAB6ABD-BB8C-4CB7-B6DB-AA54A93EB10A}.Release|Any CPU.Build.0 = Release|Any CPU
		{97422E5A-85AE-46BC-83B7-4EC78377B6D7}.Debug|Any CPU.ActiveCfg = Debug|Any CPU
		{97422E5A-85AE-46BC-83B7-4EC78377B6D7}.Debug|Any CPU.Build.0 = Debug|Any CPU
		{97422E5A-85AE-46BC-83B7-4EC78377B6D7}.Release|Any CPU.ActiveCfg = Release|Any CPU
		{97422E5A-85AE-46BC-83B7-4EC78377B6D7}.Release|Any CPU.Build.0 = Release|Any CPU
		{A8852514-E186-4962-BF11-4925CA8FB454}.Debug|Any CPU.ActiveCfg = Debug|Any CPU
		{A8852514-E186-4962-BF11-4925CA8FB454}.Debug|Any CPU.Build.0 = Debug|Any CPU
		{A8852514-E186-4962-BF11-4925CA8FB454}.Release|Any CPU.ActiveCfg = Release|Any CPU
		{A8852514-E186-4962-BF11-4925CA8FB454}.Release|Any CPU.Build.0 = Release|Any CPU
		{6C088BD2-4320-4F8A-9443-AD54DBEB4687}.Debug|Any CPU.ActiveCfg = Debug|Any CPU
		{6C088BD2-4320-4F8A-9443-AD54DBEB4687}.Debug|Any CPU.Build.0 = Debug|Any CPU
		{6C088BD2-4320-4F8A-9443-AD54DBEB4687}.Release|Any CPU.ActiveCfg = Release|Any CPU
		{6C088BD2-4320-4F8A-9443-AD54DBEB4687}.Release|Any CPU.Build.0 = Release|Any CPU
	EndGlobalSection
	GlobalSection(SolutionProperties) = preSolution
		HideSolutionNode = FALSE
	EndGlobalSection
	GlobalSection(NestedProjects) = preSolution
		{556C5F2C-EC5C-46FD-AF2A-8A159F8691E0} = {00BD01C4-85FE-4F95-9F84-137719679C0F}
		{60E1AE0B-3CED-4025-9455-94AA744F0A13} = {00BD01C4-85FE-4F95-9F84-137719679C0F}
		{40BB7048-8465-4ADE-AFCA-1B6637CE9132} = {00BD01C4-85FE-4F95-9F84-137719679C0F}
		{AFAB6ABD-BB8C-4CB7-B6DB-AA54A93EB10A} = {1056A548-A25D-4530-9CF2-A437EE3F1D5E}
		{97422E5A-85AE-46BC-83B7-4EC78377B6D7} = {1056A548-A25D-4530-9CF2-A437EE3F1D5E}
		{A8852514-E186-4962-BF11-4925CA8FB454} = {1056A548-A25D-4530-9CF2-A437EE3F1D5E}
		{6C088BD2-4320-4F8A-9443-AD54DBEB4687} = {533B5B3A-37B0-4AED-ACF0-DEF8560BA5B6}
	EndGlobalSection
	GlobalSection(ExtensibilityGlobals) = postSolution
		SolutionGuid = {79FA4EE8-8D0E-499E-9F79-62EBD8FD9B43}
	EndGlobalSection
EndGlobal
